
Microsoft Visual Studio Solution File, Format Version 12.00
# Visual Studio Version 17
VisualStudioVersion = 17.12.35514.174 d17.12
MinimumVisualStudioVersion = 10.0.40219.1
Project("{FAE04EC0-301F-11D3-BF4B-00C04F79EFBC}") = "TwistedFizzBuzz", "TwistedFizzBuzz\TwistedFizzBuzz.csproj", "{DA5FE09E-BDC6-48F1-ADA7-57BB9D40C6FF}"
EndProject
Project("{FAE04EC0-301F-11D3-BF4B-00C04F79EFBC}") = "StandardFizzBuzzProblem", "StandardFizzBuzzProblem\StandardFizzBuzzProblem.csproj", "{F2BE6293-9324-4C31-AAED-9F9EDC199A6B}"
EndProject
Project("{FAE04EC0-301F-11D3-BF4B-00C04F79EFBC}") = "TwistedFizzBuzzApplication", "TwistedFizzBuzzApplication\TwistedFizzBuzzApplication.csproj", "{4CF90C3A-6191-4DE0-A6D3-A5BDA15E58BF}"
EndProject
Project("{FAE04EC0-301F-11D3-BF4B-00C04F79EFBC}") = "TwistedFizzBuzz.Tests", "TwistedFizzBuzz.Tests\TwistedFizzBuzz.Tests.csproj", "{56D0F56C-C1AD-4808-B7C1-99397E1E7595}"
EndProject
Global
	GlobalSection(SolutionConfigurationPlatforms) = preSolution
		Debug|Any CPU = Debug|Any CPU
		Release|Any CPU = Release|Any CPU
	EndGlobalSection
	GlobalSection(ProjectConfigurationPlatforms) = postSolution
		{DA5FE09E-BDC6-48F1-ADA7-57BB9D40C6FF}.Debug|Any CPU.ActiveCfg = Debug|Any CPU
		{DA5FE09E-BDC6-48F1-ADA7-57BB9D40C6FF}.Debug|Any CPU.Build.0 = Debug|Any CPU
		{DA5FE09E-BDC6-48F1-ADA7-57BB9D40C6FF}.Release|Any CPU.ActiveCfg = Release|Any CPU
		{DA5FE09E-BDC6-48F1-ADA7-57BB9D40C6FF}.Release|Any CPU.Build.0 = Release|Any CPU
		{F2BE6293-9324-4C31-AAED-9F9EDC199A6B}.Debug|Any CPU.ActiveCfg = Debug|Any CPU
		{F2BE6293-9324-4C31-AAED-9F9EDC199A6B}.Debug|Any CPU.Build.0 = Debug|Any CPU
		{F2BE6293-9324-4C31-AAED-9F9EDC199A6B}.Release|Any CPU.ActiveCfg = Release|Any CPU
		{F2BE6293-9324-4C31-AAED-9F9EDC199A6B}.Release|Any CPU.Build.0 = Release|Any CPU
		{4CF90C3A-6191-4DE0-A6D3-A5BDA15E58BF}.Debug|Any CPU.ActiveCfg = Debug|Any CPU
		{4CF90C3A-6191-4DE0-A6D3-A5BDA15E58BF}.Debug|Any CPU.Build.0 = Debug|Any CPU
		{4CF90C3A-6191-4DE0-A6D3-A5BDA15E58BF}.Release|Any CPU.ActiveCfg = Release|Any CPU
		{4CF90C3A-6191-4DE0-A6D3-A5BDA15E58BF}.Release|Any CPU.Build.0 = Release|Any CPU
		{56D0F56C-C1AD-4808-B7C1-99397E1E7595}.Debug|Any CPU.ActiveCfg = Debug|Any CPU
		{56D0F56C-C1AD-4808-B7C1-99397E1E7595}.Debug|Any CPU.Build.0 = Debug|Any CPU
		{56D0F56C-C1AD-4808-B7C1-99397E1E7595}.Release|Any CPU.ActiveCfg = Release|Any CPU
		{56D0F56C-C1AD-4808-B7C1-99397E1E7595}.Release|Any CPU.Build.0 = Release|Any CPU
	EndGlobalSection
	GlobalSection(SolutionProperties) = preSolution
		HideSolutionNode = FALSE
	EndGlobalSection
EndGlobal
